# THIS IS AN AUTOGENERATED FILE. DO NOT EDIT THIS FILE DIRECTLY.
# yarn lockfile v1


async-limiter@~1.0.0:
  version "1.0.0"
  resolved "https://registry.yarnpkg.com/async-limiter/-/async-limiter-1.0.0.tgz#78faed8c3d074ab81f22b4e985d79e8738f720f8"

detect-is-node@^1.0.3:
  version "1.0.3"
  resolved "https://registry.yarnpkg.com/detect-is-node/-/detect-is-node-1.0.3.tgz#b6100457f3e3b054830066eab190c77dc9904f5f"

valid-url@^1.0.9:
  version "1.0.9"
  resolved "https://registry.yarnpkg.com/valid-url/-/valid-url-1.0.9.tgz#1c14479b40f1397a75782f115e4086447433a200"

ws@^5.0.0:
  version "5.0.0"
  resolved "https://registry.yarnpkg.com/ws/-/ws-5.0.0.tgz#fb4ede3fddcff99b157d292a1069ace8d6e04db9"
  dependencies:
    async-limiter "~1.0.0"
